
Microsoft Visual Studio Solution File, Format Version 12.00
# Visual Studio Version 16
VisualStudioVersion = 16.0.810.22
MinimumVisualStudioVersion = 10.0.40219.1
Project("{FAE04EC0-301F-11D3-BF4B-00C04F79EFBC}") = "CheckOutPaymentGateway.API", "CheckOutPaymentGateway.API\CheckOutPaymentGateway.API.csproj", "{0C54C5C6-629B-47F2-8576-E761799CE666}"
EndProject
Project("{FAE04EC0-301F-11D3-BF4B-00C04F79EFBC}") = "CheckoutPaymentGateway.Service", "CheckoutPaymentGateway.Service\CheckoutPaymentGateway.Service.csproj", "{51C58644-A7AC-48E8-8893-3961760D5481}"
EndProject
Project("{FAE04EC0-301F-11D3-BF4B-00C04F79EFBC}") = "CheckoutPaymentGateway.Bank", "CheckoutPaymentGateway.Bank\CheckoutPaymentGateway.Bank.csproj", "{725DABEF-53BA-424A-920C-AB029CA3BCF2}"
EndProject
Project("{FAE04EC0-301F-11D3-BF4B-00C04F79EFBC}") = "CheckoutpaymentGateway.Repository", "CheckoutpaymentGateway.Repository\CheckoutpaymentGateway.Repository.csproj", "{F05F18AF-89D6-401D-8511-0C40AA7B38AD}"
EndProject
Global
	GlobalSection(SolutionConfigurationPlatforms) = preSolution
		Debug|Any CPU = Debug|Any CPU
		Release|Any CPU = Release|Any CPU
	EndGlobalSection
	GlobalSection(ProjectConfigurationPlatforms) = postSolution
		{0C54C5C6-629B-47F2-8576-E761799CE666}.Debug|Any CPU.ActiveCfg = Debug|Any CPU
		{0C54C5C6-629B-47F2-8576-E761799CE666}.Debug|Any CPU.Build.0 = Debug|Any CPU
		{0C54C5C6-629B-47F2-8576-E761799CE666}.Release|Any CPU.ActiveCfg = Release|Any CPU
		{0C54C5C6-629B-47F2-8576-E761799CE666}.Release|Any CPU.Build.0 = Release|Any CPU
		{51C58644-A7AC-48E8-8893-3961760D5481}.Debug|Any CPU.ActiveCfg = Debug|Any CPU
		{51C58644-A7AC-48E8-8893-3961760D5481}.Debug|Any CPU.Build.0 = Debug|Any CPU
		{51C58644-A7AC-48E8-8893-3961760D5481}.Release|Any CPU.ActiveCfg = Release|Any CPU
		{51C58644-A7AC-48E8-8893-3961760D5481}.Release|Any CPU.Build.0 = Release|Any CPU
		{725DABEF-53BA-424A-920C-AB029CA3BCF2}.Debug|Any CPU.ActiveCfg = Debug|Any CPU
		{725DABEF-53BA-424A-920C-AB029CA3BCF2}.Debug|Any CPU.Build.0 = Debug|Any CPU
		{725DABEF-53BA-424A-920C-AB029CA3BCF2}.Release|Any CPU.ActiveCfg = Release|Any CPU
		{725DABEF-53BA-424A-920C-AB029CA3BCF2}.Release|Any CPU.Build.0 = Release|Any CPU
		{F05F18AF-89D6-401D-8511-0C40AA7B38AD}.Debug|Any CPU.ActiveCfg = Debug|Any CPU
		{F05F18AF-89D6-401D-8511-0C40AA7B38AD}.Debug|Any CPU.Build.0 = Debug|Any CPU
		{F05F18AF-89D6-401D-8511-0C40AA7B38AD}.Release|Any CPU.ActiveCfg = Release|Any CPU
		{F05F18AF-89D6-401D-8511-0C40AA7B38AD}.Release|Any CPU.Build.0 = Release|Any CPU
	EndGlobalSection
	GlobalSection(SolutionProperties) = preSolution
		HideSolutionNode = FALSE
	EndGlobalSection
	GlobalSection(ExtensibilityGlobals) = postSolution
		SolutionGuid = {DDDB9A9F-A2E5-451D-92CD-8E8C06CFDBDE}
	EndGlobalSection
EndGlobal
